// !$*UTF8*$!
{
	archiveVersion = 1;
	classes = {
	};
	objectVersion = 48;
	objects = {

/* Begin PBXBuildFile section */
		3FCA5B281F909AF700664642 /* AppDelegate.swift in Sources */ = {isa = PBXBuildFile; fileRef = 3FCA5B271F909AF700664642 /* AppDelegate.swift */; };
		3FCA5B2A1F909AF700664642 /* ViewController.swift in Sources */ = {isa = PBXBuildFile; fileRef = 3FCA5B291F909AF700664642 /* ViewController.swift */; };
		3FCA5B2D1F909AF700664642 /* Main.storyboard in Resources */ = {isa = PBXBuildFile; fileRef = 3FCA5B2B1F909AF700664642 /* Main.storyboard */; };
		3FCA5B2F1F909AF700664642 /* Assets.xcassets in Resources */ = {isa = PBXBuildFile; fileRef = 3FCA5B2E1F909AF700664642 /* Assets.xcassets */; };
		3FCA5B321F909AF700664642 /* LaunchScreen.storyboard in Resources */ = {isa = PBXBuildFile; fileRef = 3FCA5B301F909AF700664642 /* LaunchScreen.storyboard */; };
		3FCA5B3B1F90BC9C00664642 /* libsqlite3.tbd in Frameworks */ = {isa = PBXBuildFile; fileRef = 3FCA5B3A1F90BC9C00664642 /* libsqlite3.tbd */; };
		3FCA5B3E1F90CA7B00664642 /* db.sqlite in Resources */ = {isa = PBXBuildFile; fileRef = 3FCA5B3D1F90C6BC00664642 /* db.sqlite */; };
/* End PBXBuildFile section */

/* Begin PBXFileReference section */
		3FCA5B241F909AF700664642 /* Ch6-SQLite3.app */ = {isa = PBXFileReference; explicitFileType = wrapper.application; includeInIndex = 0; path = "Ch6-SQLite3.app"; sourceTree = BUILT_PRODUCTS_DIR; };
		3FCA5B271F909AF700664642 /* AppDelegate.swift */ = {isa = PBXFileReference; lastKnownFileType = sourcecode.swift; path = AppDelegate.swift; sourceTree = "<group>"; };
		3FCA5B291F909AF700664642 /* ViewController.swift */ = {isa = PBXFileReference; lastKnownFileType = sourcecode.swift; path = ViewController.swift; sourceTree = "<group>"; };
		3FCA5B2C1F909AF700664642 /* Base */ = {isa = PBXFileReference; lastKnownFileType = file.storyboard; name = Base; path = Base.lproj/Main.storyboard; sourceTree = "<group>"; };
		3FCA5B2E1F909AF700664642 /* Assets.xcassets */ = {isa = PBXFileReference; lastKnownFileType = folder.assetcatalog; path = Assets.xcassets; sourceTree = "<group>"; };
		3FCA5B311F909AF700664642 /* Base */ = {isa = PBXFileReference; lastKnownFileType = file.storyboard; name = Base; path = Base.lproj/LaunchScreen.storyboard; sourceTree = "<group>"; };
		3FCA5B331F909AF700664642 /* Info.plist */ = {isa = PBXFileReference; lastKnownFileType = text.plist.xml; path = Info.plist; sourceTree = "<group>"; };
		3FCA5B3A1F90BC9C00664642 /* libsqlite3.tbd */ = {isa = PBXFileReference; lastKnownFileType = "sourcecode.text-based-dylib-definition"; name = libsqlite3.tbd; path = usr/lib/libsqlite3.tbd; sourceTree = SDKROOT; };
		3FCA5B3C1F90BCCC00664642 /* Ch6-SQLite3-Bridging-Header.h */ = {isa = PBXFileReference; lastKnownFileType = sourcecode.c.h; path = "Ch6-SQLite3-Bridging-Header.h"; sourceTree = "<group>"; };
		3FCA5B3D1F90C6BC00664642 /* db.sqlite */ = {isa = PBXFileReference; lastKnownFileType = file; path = db.sqlite; sourceTree = SOURCE_ROOT; };
/* End PBXFileReference section */

/* Begin PBXFrameworksBuildPhase section */
		3FCA5B211F909AF700664642 /* Frameworks */ = {
			isa = PBXFrameworksBuildPhase;
			buildActionMask = 2147483647;
			files = (
				3FCA5B3B1F90BC9C00664642 /* libsqlite3.tbd in Frameworks */,
			);
			runOnlyForDeploymentPostprocessing = 0;
		};
/* End PBXFrameworksBuildPhase section */

/* Begin PBXGroup section */
		3FCA5B1B1F909AF700664642 = {
			isa = PBXGroup;
			children = (
				3FCA5B3C1F90BCCC00664642 /* Ch6-SQLite3-Bridging-Header.h */,
				3FCA5B261F909AF700664642 /* Ch6-SQLite3 */,
				3FCA5B251F909AF700664642 /* Products */,
				3FCA5B391F90BC9C00664642 /* Frameworks */,
			);
			sourceTree = "<group>";
		};
		3FCA5B251F909AF700664642 /* Products */ = {
			isa = PBXGroup;
			children = (
				3FCA5B241F909AF700664642 /* Ch6-SQLite3.app */,
			);
			name = Products;
			sourceTree = "<group>";
		};
		3FCA5B261F909AF700664642 /* Ch6-SQLite3 */ = {
			isa = PBXGroup;
			children = (
				3FCA5B271F909AF700664642 /* AppDelegate.swift */,
				3FCA5B291F909AF700664642 /* ViewController.swift */,
				3FCA5B2B1F909AF700664642 /* Main.storyboard */,
				3FCA5B2E1F909AF700664642 /* Assets.xcassets */,
				3FCA5B301F909AF700664642 /* LaunchScreen.storyboard */,
				3FCA5B331F909AF700664642 /* Info.plist */,
				3FCA5B3D1F90C6BC00664642 /* db.sqlite */,
			);
			path = "Ch6-SQLite3";
			sourceTree = "<group>";
		};
		3FCA5B391F90BC9C00664642 /* Frameworks */ = {
			isa = PBXGroup;
			children = (
				3FCA5B3A1F90BC9C00664642 /* libsqlite3.tbd */,
			);
			name = Frameworks;
			sourceTree = "<group>";
		};
/* End PBXGroup section */

/* Begin PBXNativeTarget section */
		3FCA5B231F909AF700664642 /* Ch6-SQLite3 */ = {
			isa = PBXNativeTarget;
			buildConfigurationList = 3FCA5B361F909AF700664642 /* Build configuration list for PBXNativeTarget "Ch6-SQLite3" */;
			buildPhases = (
				3FCA5B201F909AF700664642 /* Sources */,
				3FCA5B211F909AF700664642 /* Frameworks */,
				3FCA5B221F909AF700664642 /* Resources */,
			);
			buildRules = (
			);
			dependencies = (
			);
			name = "Ch6-SQLite3";
			productName = "Ch6-SQLite3";
			productReference = 3FCA5B241F909AF700664642 /* Ch6-SQLite3.app */;
			productType = "com.apple.product-type.application";
		};
/* End PBXNativeTarget section */

/* Begin PBXProject section */
		3FCA5B1C1F909AF700664642 /* Project object */ = {
			isa = PBXProject;
			attributes = {
				LastSwiftUpdateCheck = 0900;
				LastUpgradeCheck = 0900;
				ORGANIZATIONNAME = Jaeseong;
				TargetAttributes = {
					3FCA5B231F909AF700664642 = {
						CreatedOnToolsVersion = 9.0;
						ProvisioningStyle = Automatic;
					};
				};
			};
			buildConfigurationList = 3FCA5B1F1F909AF700664642 /* Build configuration list for PBXProject "Ch6-SQLite3" */;
			compatibilityVersion = "Xcode 8.0";
			developmentRegion = en;
			hasScannedForEncodings = 0;
			knownRegions = (
				en,
				Base,
			);
			mainGroup = 3FCA5B1B1F909AF700664642;
			productRefGroup = 3FCA5B251F909AF700664642 /* Products */;
			projectDirPath = "";
			projectRoot = "";
			targets = (
				3FCA5B231F909AF700664642 /* Ch6-SQLite3 */,
			);
		};
/* End PBXProject section */

/* Begin PBXResourcesBuildPhase section */
		3FCA5B221F909AF700664642 /* Resources */ = {
			isa = PBXResourcesBuildPhase;
			buildActionMask = 2147483647;
			files = (
				3FCA5B321F909AF700664642 /* LaunchScreen.storyboard in Resources */,
				3FCA5B2F1F909AF700664642 /* Assets.xcassets in Resources */,
				3FCA5B2D1F909AF700664642 /* Main.storyboard in Resources */,
				3FCA5B3E1F90CA7B00664642 /* db.sqlite in Resources */,
			);
			runOnlyForDeploymentPostprocessing = 0;
		};
/* End PBXResourcesBuildPhase section */

/* Begin PBXSourcesBuildPhase section */
		3FCA5B201F909AF700664642 /* Sources */ = {
			isa = PBXSourcesBuildPhase;
			buildActionMask = 2147483647;
			files = (
				3FCA5B2A1F909AF700664642 /* ViewController.swift in Sources */,
				3FCA5B281F909AF700664642 /* AppDelegate.swift in Sources */,
			);
			runOnlyForDeploymentPostprocessing = 0;
		};
/* End PBXSourcesBuildPhase section */

/* Begin PBXVariantGroup section */
		3FCA5B2B1F909AF700664642 /* Main.storyboard */ = {
			isa = PBXVariantGroup;
			children = (
				3FCA5B2C1F909AF700664642 /* Base */,
			);
			name = Main.storyboard;
			sourceTree = "<group>";
		};
		3FCA5B301F909AF700664642 /* LaunchScreen.storyboard */ = {
			isa = PBXVariantGroup;
			children = (
				3FCA5B311F909AF700664642 /* Base */,
			);
			name = LaunchScreen.storyboard;
			sourceTree = "<group>";
		};
/* End PBXVariantGroup section */

/* Begin XCBuildConfiguration section */
		3FCA5B341F909AF700664642 /* Debug */ = {
			isa = XCBuildConfiguration;
			buildSettings = {
				ALWAYS_SEARCH_USER_PATHS = NO;
				CLANG_ANALYZER_NONNULL = YES;
				CLANG_ANALYZER_NUMBER_OBJECT_CONVERSION = YES_AGGRESSIVE;
				CLANG_CXX_LANGUAGE_STANDARD = "gnu++14";
				CLANG_CXX_LIBRARY = "libc++";
				CLANG_ENABLE_MODULES = YES;
				CLANG_ENABLE_OBJC_ARC = YES;
				CLANG_WARN_BLOCK_CAPTURE_AUTORELEASING = YES;
				CLANG_WARN_BOOL_CONVERSION = YES;
				CLANG_WARN_COMMA = YES;
				CLANG_WARN_CONSTANT_CONVERSION = YES;
				CLANG_WARN_DIRECT_OBJC_ISA_USAGE = YES_ERROR;
				CLANG_WARN_DOCUMENTATION_COMMENTS = YES;
				CLANG_WARN_EMPTY_BODY = YES;
				CLANG_WARN_ENUM_CONVERSION = YES;
				CLANG_WARN_INFINITE_RECURSION = YES;
				CLANG_WARN_INT_CONVERSION = YES;
				CLANG_WARN_NON_LITERAL_NULL_CONVERSION = YES;
				CLANG_WARN_OBJC_LITERAL_CONVERSION = YES;
				CLANG_WARN_OBJC_ROOT_CLASS = YES_ERROR;
				CLANG_WARN_RANGE_LOOP_ANALYSIS = YES;
				CLANG_WARN_STRICT_PROTOTYPES = YES;
				CLANG_WARN_SUSPICIOUS_MOVE = YES;
				CLANG_WARN_UNGUARDED_AVAILABILITY = YES_AGGRESSIVE;
				CLANG_WARN_UNREACHABLE_CODE = YES;
				CLANG_WARN__DUPLICATE_METHOD_MATCH = YES;
				CODE_SIGN_IDENTITY = "iPhone Developer";
				COPY_PHASE_STRIP = NO;
				DEBUG_INFORMATION_FORMAT = dwarf;
				ENABLE_STRICT_OBJC_MSGSEND = YES;
				ENABLE_TESTABILITY = YES;
				GCC_C_LANGUAGE_STANDARD = gnu11;
				GCC_DYNAMIC_NO_PIC = NO;
				GCC_NO_COMMON_BLOCKS = YES;
				GCC_OPTIMIZATION_LEVEL = 0;
				GCC_PREPROCESSOR_DEFINITIONS = (
					"DEBUG=1",
					"$(inherited)",
				);
				GCC_WARN_64_TO_32_BIT_CONVERSION = YES;
				GCC_WARN_ABOUT_RETURN_TYPE = YES_ERROR;
				GCC_WARN_UNDECLARED_SELECTOR = YES;
				GCC_WARN_UNINITIALIZED_AUTOS = YES_AGGRESSIVE;
				GCC_WARN_UNUSED_FUNCTION = YES;
				GCC_WARN_UNUSED_VARIABLE = YES;
				IPHONEOS_DEPLOYMENT_TARGET = 11.0;
				MTL_ENABLE_DEBUG_INFO = YES;
				ONLY_ACTIVE_ARCH = YES;
				SDKROOT = iphoneos;
				SWIFT_ACTIVE_COMPILATION_CONDITIONS = DEBUG;
				SWIFT_OPTIMIZATION_LEVEL = "-Onone";
			};
			name = Debug;
		};
		3FCA5B351F909AF700664642 /* Release */ = {
			isa = XCBuildConfiguration;
			buildSettings = {
				ALWAYS_SEARCH_USER_PATHS = NO;
				CLANG_ANALYZER_NONNULL = YES;
				CLANG_ANALYZER_NUMBER_OBJECT_CONVERSION = YES_AGGRESSIVE;
				CLANG_CXX_LANGUAGE_STANDARD = "gnu++14";
				CLANG_CXX_LIBRARY = "libc++";
				CLANG_ENABLE_MODULES = YES;
				CLANG_ENABLE_OBJC_ARC = YES;
				CLANG_WARN_BLOCK_CAPTURE_AUTORELEASING = YES;
				CLANG_WARN_BOOL_CONVERSION = YES;
				CLANG_WARN_COMMA = YES;
				CLANG_WARN_CONSTANT_CONVERSION = YES;
				CLANG_WARN_DIRECT_OBJC_ISA_USAGE = YES_ERROR;
				CLANG_WARN_DOCUMENTATION_COMMENTS = YES;
				CLANG_WARN_EMPTY_BODY = YES;
				CLANG_WARN_ENUM_CONVERSION = YES;
				CLANG_WARN_INFINITE_RECURSION = YES;
				CLANG_WARN_INT_CONVERSION = YES;
				CLANG_WARN_NON_LITERAL_NULL_CONVERSION = YES;
				CLANG_WARN_OBJC_LITERAL_CONVERSION = YES;
				CLANG_WARN_OBJC_ROOT_CLASS = YES_ERROR;
				CLANG_WARN_RANGE_LOOP_ANALYSIS = YES;
				CLANG_WARN_STRICT_PROTOTYPES = YES;
				CLANG_WARN_SUSPICIOUS_MOVE = YES;
				CLANG_WARN_UNGUARDED_AVAILABILITY = YES_AGGRESSIVE;
				CLANG_WARN_UNREACHABLE_CODE = YES;
				CLANG_WARN__DUPLICATE_METHOD_MATCH = YES;
				CODE_SIGN_IDENTITY = "iPhone Developer";
				COPY_PHASE_STRIP = NO;
				DEBUG_INFORMATION_FORMAT = "dwarf-with-dsym";
				ENABLE_NS_ASSERTIONS = NO;
				ENABLE_STRICT_OBJC_MSGSEND = YES;
				GCC_C_LANGUAGE_STANDARD = gnu11;
				GCC_NO_COMMON_BLOCKS = YES;
				GCC_WARN_64_TO_32_BIT_CONVERSION = YES;
				GCC_WARN_ABOUT_RETURN_TYPE = YES_ERROR;
				GCC_WARN_UNDECLARED_SELECTOR = YES;
				GCC_WARN_UNINITIALIZED_AUTOS = YES_AGGRESSIVE;
				GCC_WARN_UNUSED_FUNCTION = YES;
				GCC_WARN_UNUSED_VARIABLE = YES;
				IPHONEOS_DEPLOYMENT_TARGET = 11.0;
				MTL_ENABLE_DEBUG_INFO = NO;
				SDKROOT = iphoneos;
				SWIFT_OPTIMIZATION_LEVEL = "-Owholemodule";
				VALIDATE_PRODUCT = YES;
			};
			name = Release;
		};
		3FCA5B371F909AF700664642 /* Debug */ = {
			isa = XCBuildConfiguration;
			buildSettings = {
				ASSETCATALOG_COMPILER_APPICON_NAME = AppIcon;
				CODE_SIGN_STYLE = Automatic;
				DEVELOPMENT_TEAM = FNEH2787UY;
				INFOPLIST_FILE = "Ch6-SQLite3/Info.plist";
				LD_RUNPATH_SEARCH_PATHS = "$(inherited) @executable_path/Frameworks";
				PRODUCT_BUNDLE_IDENTIFIER = "xyz.jaeseong.Ch6-SQLite3";
				PRODUCT_NAME = "$(TARGET_NAME)";
				SWIFT_OBJC_BRIDGING_HEADER = "Ch6-SQLite3-Bridging-Header.h";
				SWIFT_VERSION = 4.0;
				TARGETED_DEVICE_FAMILY = "1,2";
			};
			name = Debug;
		};
		3FCA5B381F909AF700664642 /* Release */ = {
			isa = XCBuildConfiguration;
			buildSettings = {
				ASSETCATALOG_COMPILER_APPICON_NAME = AppIcon;
				CODE_SIGN_STYLE = Automatic;
				DEVELOPMENT_TEAM = FNEH2787UY;
				INFOPLIST_FILE = "Ch6-SQLite3/Info.plist";
				LD_RUNPATH_SEARCH_PATHS = "$(inherited) @executable_path/Frameworks";
				PRODUCT_BUNDLE_IDENTIFIER = "xyz.jaeseong.Ch6-SQLite3";
				PRODUCT_NAME = "$(TARGET_NAME)";
				SWIFT_OBJC_BRIDGING_HEADER = "Ch6-SQLite3-Bridging-Header.h";
				SWIFT_VERSION = 4.0;
				TARGETED_DEVICE_FAMILY = "1,2";
			};
			name = Release;
		};
/* End XCBuildConfiguration section */

/* Begin XCConfigurationList section */
		3FCA5B1F1F909AF700664642 /* Build configuration list for PBXProject "Ch6-SQLite3" */ = {
			isa = XCConfigurationList;
			buildConfigurations = (
				3FCA5B341F909AF700664642 /* Debug */,
				3FCA5B351F909AF700664642 /* Release */,
			);
			defaultConfigurationIsVisible = 0;
			defaultConfigurationName = Release;
		};
		3FCA5B361F909AF700664642 /* Build configuration list for PBXNativeTarget "Ch6-SQLite3" */ = {
			isa = XCConfigurationList;
			buildConfigurations = (
				3FCA5B371F909AF700664642 /* Debug */,
				3FCA5B381F909AF700664642 /* Release */,
			);
			defaultConfigurationIsVisible = 0;
			defaultConfigurationName = Release;
		};
/* End XCConfigurationList section */
	};
	rootObject = 3FCA5B1C1F909AF700664642 /* Project object */;
}
