// !$*UTF8*$!
{
	archiveVersion = 1;
	classes = {
	};
	objectVersion = 48;
	objects = {

/* Begin PBXBuildFile section */
		3F5BF0A11F8A67C40094CCAD /* AppDelegate.swift in Sources */ = {isa = PBXBuildFile; fileRef = 3F5BF0A01F8A67C40094CCAD /* AppDelegate.swift */; };
		3F5BF0A31F8A67C40094CCAD /* ViewController.swift in Sources */ = {isa = PBXBuildFile; fileRef = 3F5BF0A21F8A67C40094CCAD /* ViewController.swift */; };
		3F5BF0A61F8A67C40094CCAD /* Main.storyboard in Resources */ = {isa = PBXBuildFile; fileRef = 3F5BF0A41F8A67C40094CCAD /* Main.storyboard */; };
		3F5BF0A81F8A67C40094CCAD /* Assets.xcassets in Resources */ = {isa = PBXBuildFile; fileRef = 3F5BF0A71F8A67C40094CCAD /* Assets.xcassets */; };
		3F5BF0AB1F8A67C40094CCAD /* LaunchScreen.storyboard in Resources */ = {isa = PBXBuildFile; fileRef = 3F5BF0A91F8A67C40094CCAD /* LaunchScreen.storyboard */; };
		3F5BF0B51F8A67D60094CCAD /* SWRevealViewController.m in Sources */ = {isa = PBXBuildFile; fileRef = 3F5BF0B41F8A67D60094CCAD /* SWRevealViewController.m */; };
		3F5BF0B71F8A68A60094CCAD /* sidemenu.png in Resources */ = {isa = PBXBuildFile; fileRef = 3F5BF0B61F8A68A20094CCAD /* sidemenu.png */; };
		3F5BF0BB1F8A69260094CCAD /* FrontViewController.swift in Sources */ = {isa = PBXBuildFile; fileRef = 3F5BF0BA1F8A69260094CCAD /* FrontViewController.swift */; };
/* End PBXBuildFile section */

/* Begin PBXFileReference section */
		3F5BF09D1F8A67C40094CCAD /* Ch4-SideBar.app */ = {isa = PBXFileReference; explicitFileType = wrapper.application; includeInIndex = 0; path = "Ch4-SideBar.app"; sourceTree = BUILT_PRODUCTS_DIR; };
		3F5BF0A01F8A67C40094CCAD /* AppDelegate.swift */ = {isa = PBXFileReference; lastKnownFileType = sourcecode.swift; path = AppDelegate.swift; sourceTree = "<group>"; };
		3F5BF0A21F8A67C40094CCAD /* ViewController.swift */ = {isa = PBXFileReference; lastKnownFileType = sourcecode.swift; path = ViewController.swift; sourceTree = "<group>"; };
		3F5BF0A51F8A67C40094CCAD /* Base */ = {isa = PBXFileReference; lastKnownFileType = file.storyboard; name = Base; path = Base.lproj/Main.storyboard; sourceTree = "<group>"; };
		3F5BF0A71F8A67C40094CCAD /* Assets.xcassets */ = {isa = PBXFileReference; lastKnownFileType = folder.assetcatalog; path = Assets.xcassets; sourceTree = "<group>"; };
		3F5BF0AA1F8A67C40094CCAD /* Base */ = {isa = PBXFileReference; lastKnownFileType = file.storyboard; name = Base; path = Base.lproj/LaunchScreen.storyboard; sourceTree = "<group>"; };
		3F5BF0AC1F8A67C40094CCAD /* Info.plist */ = {isa = PBXFileReference; lastKnownFileType = text.plist.xml; path = Info.plist; sourceTree = "<group>"; };
		3F5BF0B21F8A67D50094CCAD /* Ch4-SideBar-Bridging-Header.h */ = {isa = PBXFileReference; lastKnownFileType = sourcecode.c.h; path = "Ch4-SideBar-Bridging-Header.h"; sourceTree = "<group>"; };
		3F5BF0B31F8A67D50094CCAD /* SWRevealViewController.h */ = {isa = PBXFileReference; lastKnownFileType = sourcecode.c.h; path = SWRevealViewController.h; sourceTree = "<group>"; };
		3F5BF0B41F8A67D60094CCAD /* SWRevealViewController.m */ = {isa = PBXFileReference; lastKnownFileType = sourcecode.c.objc; path = SWRevealViewController.m; sourceTree = "<group>"; };
		3F5BF0B61F8A68A20094CCAD /* sidemenu.png */ = {isa = PBXFileReference; lastKnownFileType = image.png; path = sidemenu.png; sourceTree = "<group>"; };
		3F5BF0BA1F8A69260094CCAD /* FrontViewController.swift */ = {isa = PBXFileReference; lastKnownFileType = sourcecode.swift; path = FrontViewController.swift; sourceTree = "<group>"; };
/* End PBXFileReference section */

/* Begin PBXFrameworksBuildPhase section */
		3F5BF09A1F8A67C40094CCAD /* Frameworks */ = {
			isa = PBXFrameworksBuildPhase;
			buildActionMask = 2147483647;
			files = (
			);
			runOnlyForDeploymentPostprocessing = 0;
		};
/* End PBXFrameworksBuildPhase section */

/* Begin PBXGroup section */
		3F5BF0941F8A67C40094CCAD = {
			isa = PBXGroup;
			children = (
				3F5BF09F1F8A67C40094CCAD /* Ch4-SideBar */,
				3F5BF09E1F8A67C40094CCAD /* Products */,
			);
			sourceTree = "<group>";
		};
		3F5BF09E1F8A67C40094CCAD /* Products */ = {
			isa = PBXGroup;
			children = (
				3F5BF09D1F8A67C40094CCAD /* Ch4-SideBar.app */,
			);
			name = Products;
			sourceTree = "<group>";
		};
		3F5BF09F1F8A67C40094CCAD /* Ch4-SideBar */ = {
			isa = PBXGroup;
			children = (
				3F5BF0A01F8A67C40094CCAD /* AppDelegate.swift */,
				3F5BF0BA1F8A69260094CCAD /* FrontViewController.swift */,
				3F5BF0A21F8A67C40094CCAD /* ViewController.swift */,
				3F5BF0A41F8A67C40094CCAD /* Main.storyboard */,
				3F5BF0A71F8A67C40094CCAD /* Assets.xcassets */,
				3F5BF0A91F8A67C40094CCAD /* LaunchScreen.storyboard */,
				3F5BF0AC1F8A67C40094CCAD /* Info.plist */,
				3F5BF0B31F8A67D50094CCAD /* SWRevealViewController.h */,
				3F5BF0B41F8A67D60094CCAD /* SWRevealViewController.m */,
				3F5BF0B21F8A67D50094CCAD /* Ch4-SideBar-Bridging-Header.h */,
				3F5BF0B61F8A68A20094CCAD /* sidemenu.png */,
			);
			path = "Ch4-SideBar";
			sourceTree = "<group>";
		};
/* End PBXGroup section */

/* Begin PBXNativeTarget section */
		3F5BF09C1F8A67C40094CCAD /* Ch4-SideBar */ = {
			isa = PBXNativeTarget;
			buildConfigurationList = 3F5BF0AF1F8A67C40094CCAD /* Build configuration list for PBXNativeTarget "Ch4-SideBar" */;
			buildPhases = (
				3F5BF0991F8A67C40094CCAD /* Sources */,
				3F5BF09A1F8A67C40094CCAD /* Frameworks */,
				3F5BF09B1F8A67C40094CCAD /* Resources */,
			);
			buildRules = (
			);
			dependencies = (
			);
			name = "Ch4-SideBar";
			productName = "Ch4-SideBar";
			productReference = 3F5BF09D1F8A67C40094CCAD /* Ch4-SideBar.app */;
			productType = "com.apple.product-type.application";
		};
/* End PBXNativeTarget section */

/* Begin PBXProject section */
		3F5BF0951F8A67C40094CCAD /* Project object */ = {
			isa = PBXProject;
			attributes = {
				LastSwiftUpdateCheck = 0900;
				LastUpgradeCheck = 0900;
				ORGANIZATIONNAME = Jaeseong;
				TargetAttributes = {
					3F5BF09C1F8A67C40094CCAD = {
						CreatedOnToolsVersion = 9.0;
						LastSwiftMigration = 0900;
						ProvisioningStyle = Automatic;
					};
				};
			};
			buildConfigurationList = 3F5BF0981F8A67C40094CCAD /* Build configuration list for PBXProject "Ch4-SideBar" */;
			compatibilityVersion = "Xcode 8.0";
			developmentRegion = en;
			hasScannedForEncodings = 0;
			knownRegions = (
				en,
				Base,
			);
			mainGroup = 3F5BF0941F8A67C40094CCAD;
			productRefGroup = 3F5BF09E1F8A67C40094CCAD /* Products */;
			projectDirPath = "";
			projectRoot = "";
			targets = (
				3F5BF09C1F8A67C40094CCAD /* Ch4-SideBar */,
			);
		};
/* End PBXProject section */

/* Begin PBXResourcesBuildPhase section */
		3F5BF09B1F8A67C40094CCAD /* Resources */ = {
			isa = PBXResourcesBuildPhase;
			buildActionMask = 2147483647;
			files = (
				3F5BF0AB1F8A67C40094CCAD /* LaunchScreen.storyboard in Resources */,
				3F5BF0B71F8A68A60094CCAD /* sidemenu.png in Resources */,
				3F5BF0A81F8A67C40094CCAD /* Assets.xcassets in Resources */,
				3F5BF0A61F8A67C40094CCAD /* Main.storyboard in Resources */,
			);
			runOnlyForDeploymentPostprocessing = 0;
		};
/* End PBXResourcesBuildPhase section */

/* Begin PBXSourcesBuildPhase section */
		3F5BF0991F8A67C40094CCAD /* Sources */ = {
			isa = PBXSourcesBuildPhase;
			buildActionMask = 2147483647;
			files = (
				3F5BF0BB1F8A69260094CCAD /* FrontViewController.swift in Sources */,
				3F5BF0A31F8A67C40094CCAD /* ViewController.swift in Sources */,
				3F5BF0A11F8A67C40094CCAD /* AppDelegate.swift in Sources */,
				3F5BF0B51F8A67D60094CCAD /* SWRevealViewController.m in Sources */,
			);
			runOnlyForDeploymentPostprocessing = 0;
		};
/* End PBXSourcesBuildPhase section */

/* Begin PBXVariantGroup section */
		3F5BF0A41F8A67C40094CCAD /* Main.storyboard */ = {
			isa = PBXVariantGroup;
			children = (
				3F5BF0A51F8A67C40094CCAD /* Base */,
			);
			name = Main.storyboard;
			sourceTree = "<group>";
		};
		3F5BF0A91F8A67C40094CCAD /* LaunchScreen.storyboard */ = {
			isa = PBXVariantGroup;
			children = (
				3F5BF0AA1F8A67C40094CCAD /* Base */,
			);
			name = LaunchScreen.storyboard;
			sourceTree = "<group>";
		};
/* End PBXVariantGroup section */

/* Begin XCBuildConfiguration section */
		3F5BF0AD1F8A67C40094CCAD /* Debug */ = {
			isa = XCBuildConfiguration;
			buildSettings = {
				ALWAYS_SEARCH_USER_PATHS = NO;
				CLANG_ANALYZER_NONNULL = YES;
				CLANG_ANALYZER_NUMBER_OBJECT_CONVERSION = YES_AGGRESSIVE;
				CLANG_CXX_LANGUAGE_STANDARD = "gnu++14";
				CLANG_CXX_LIBRARY = "libc++";
				CLANG_ENABLE_MODULES = YES;
				CLANG_ENABLE_OBJC_ARC = YES;
				CLANG_WARN_BLOCK_CAPTURE_AUTORELEASING = YES;
				CLANG_WARN_BOOL_CONVERSION = YES;
				CLANG_WARN_COMMA = YES;
				CLANG_WARN_CONSTANT_CONVERSION = YES;
				CLANG_WARN_DIRECT_OBJC_ISA_USAGE = YES_ERROR;
				CLANG_WARN_DOCUMENTATION_COMMENTS = YES;
				CLANG_WARN_EMPTY_BODY = YES;
				CLANG_WARN_ENUM_CONVERSION = YES;
				CLANG_WARN_INFINITE_RECURSION = YES;
				CLANG_WARN_INT_CONVERSION = YES;
				CLANG_WARN_NON_LITERAL_NULL_CONVERSION = YES;
				CLANG_WARN_OBJC_LITERAL_CONVERSION = YES;
				CLANG_WARN_OBJC_ROOT_CLASS = YES_ERROR;
				CLANG_WARN_RANGE_LOOP_ANALYSIS = YES;
				CLANG_WARN_STRICT_PROTOTYPES = YES;
				CLANG_WARN_SUSPICIOUS_MOVE = YES;
				CLANG_WARN_UNGUARDED_AVAILABILITY = YES_AGGRESSIVE;
				CLANG_WARN_UNREACHABLE_CODE = YES;
				CLANG_WARN__DUPLICATE_METHOD_MATCH = YES;
				CODE_SIGN_IDENTITY = "iPhone Developer";
				COPY_PHASE_STRIP = NO;
				DEBUG_INFORMATION_FORMAT = dwarf;
				ENABLE_STRICT_OBJC_MSGSEND = YES;
				ENABLE_TESTABILITY = YES;
				GCC_C_LANGUAGE_STANDARD = gnu11;
				GCC_DYNAMIC_NO_PIC = NO;
				GCC_NO_COMMON_BLOCKS = YES;
				GCC_OPTIMIZATION_LEVEL = 0;
				GCC_PREPROCESSOR_DEFINITIONS = (
					"DEBUG=1",
					"$(inherited)",
				);
				GCC_WARN_64_TO_32_BIT_CONVERSION = YES;
				GCC_WARN_ABOUT_RETURN_TYPE = YES_ERROR;
				GCC_WARN_UNDECLARED_SELECTOR = YES;
				GCC_WARN_UNINITIALIZED_AUTOS = YES_AGGRESSIVE;
				GCC_WARN_UNUSED_FUNCTION = YES;
				GCC_WARN_UNUSED_VARIABLE = YES;
				IPHONEOS_DEPLOYMENT_TARGET = 11.0;
				MTL_ENABLE_DEBUG_INFO = YES;
				ONLY_ACTIVE_ARCH = YES;
				SDKROOT = iphoneos;
				SWIFT_ACTIVE_COMPILATION_CONDITIONS = DEBUG;
				SWIFT_OPTIMIZATION_LEVEL = "-Onone";
			};
			name = Debug;
		};
		3F5BF0AE1F8A67C40094CCAD /* Release */ = {
			isa = XCBuildConfiguration;
			buildSettings = {
				ALWAYS_SEARCH_USER_PATHS = NO;
				CLANG_ANALYZER_NONNULL = YES;
				CLANG_ANALYZER_NUMBER_OBJECT_CONVERSION = YES_AGGRESSIVE;
				CLANG_CXX_LANGUAGE_STANDARD = "gnu++14";
				CLANG_CXX_LIBRARY = "libc++";
				CLANG_ENABLE_MODULES = YES;
				CLANG_ENABLE_OBJC_ARC = YES;
				CLANG_WARN_BLOCK_CAPTURE_AUTORELEASING = YES;
				CLANG_WARN_BOOL_CONVERSION = YES;
				CLANG_WARN_COMMA = YES;
				CLANG_WARN_CONSTANT_CONVERSION = YES;
				CLANG_WARN_DIRECT_OBJC_ISA_USAGE = YES_ERROR;
				CLANG_WARN_DOCUMENTATION_COMMENTS = YES;
				CLANG_WARN_EMPTY_BODY = YES;
				CLANG_WARN_ENUM_CONVERSION = YES;
				CLANG_WARN_INFINITE_RECURSION = YES;
				CLANG_WARN_INT_CONVERSION = YES;
				CLANG_WARN_NON_LITERAL_NULL_CONVERSION = YES;
				CLANG_WARN_OBJC_LITERAL_CONVERSION = YES;
				CLANG_WARN_OBJC_ROOT_CLASS = YES_ERROR;
				CLANG_WARN_RANGE_LOOP_ANALYSIS = YES;
				CLANG_WARN_STRICT_PROTOTYPES = YES;
				CLANG_WARN_SUSPICIOUS_MOVE = YES;
				CLANG_WARN_UNGUARDED_AVAILABILITY = YES_AGGRESSIVE;
				CLANG_WARN_UNREACHABLE_CODE = YES;
				CLANG_WARN__DUPLICATE_METHOD_MATCH = YES;
				CODE_SIGN_IDENTITY = "iPhone Developer";
				COPY_PHASE_STRIP = NO;
				DEBUG_INFORMATION_FORMAT = "dwarf-with-dsym";
				ENABLE_NS_ASSERTIONS = NO;
				ENABLE_STRICT_OBJC_MSGSEND = YES;
				GCC_C_LANGUAGE_STANDARD = gnu11;
				GCC_NO_COMMON_BLOCKS = YES;
				GCC_WARN_64_TO_32_BIT_CONVERSION = YES;
				GCC_WARN_ABOUT_RETURN_TYPE = YES_ERROR;
				GCC_WARN_UNDECLARED_SELECTOR = YES;
				GCC_WARN_UNINITIALIZED_AUTOS = YES_AGGRESSIVE;
				GCC_WARN_UNUSED_FUNCTION = YES;
				GCC_WARN_UNUSED_VARIABLE = YES;
				IPHONEOS_DEPLOYMENT_TARGET = 11.0;
				MTL_ENABLE_DEBUG_INFO = NO;
				SDKROOT = iphoneos;
				SWIFT_OPTIMIZATION_LEVEL = "-Owholemodule";
				VALIDATE_PRODUCT = YES;
			};
			name = Release;
		};
		3F5BF0B01F8A67C40094CCAD /* Debug */ = {
			isa = XCBuildConfiguration;
			buildSettings = {
				ASSETCATALOG_COMPILER_APPICON_NAME = AppIcon;
				CLANG_ENABLE_MODULES = YES;
				CODE_SIGN_STYLE = Automatic;
				DEVELOPMENT_TEAM = FNEH2787UY;
				INFOPLIST_FILE = "Ch4-SideBar/Info.plist";
				LD_RUNPATH_SEARCH_PATHS = "$(inherited) @executable_path/Frameworks";
				PRODUCT_BUNDLE_IDENTIFIER = "xyz.jaeseong.Ch4-SideBar";
				PRODUCT_NAME = "$(TARGET_NAME)";
				SWIFT_OBJC_BRIDGING_HEADER = "Ch4-SideBar/Ch4-SideBar-Bridging-Header.h";
				SWIFT_OPTIMIZATION_LEVEL = "-Onone";
				SWIFT_VERSION = 4.0;
				TARGETED_DEVICE_FAMILY = "1,2";
			};
			name = Debug;
		};
		3F5BF0B11F8A67C40094CCAD /* Release */ = {
			isa = XCBuildConfiguration;
			buildSettings = {
				ASSETCATALOG_COMPILER_APPICON_NAME = AppIcon;
				CLANG_ENABLE_MODULES = YES;
				CODE_SIGN_STYLE = Automatic;
				DEVELOPMENT_TEAM = FNEH2787UY;
				INFOPLIST_FILE = "Ch4-SideBar/Info.plist";
				LD_RUNPATH_SEARCH_PATHS = "$(inherited) @executable_path/Frameworks";
				PRODUCT_BUNDLE_IDENTIFIER = "xyz.jaeseong.Ch4-SideBar";
				PRODUCT_NAME = "$(TARGET_NAME)";
				SWIFT_OBJC_BRIDGING_HEADER = "Ch4-SideBar/Ch4-SideBar-Bridging-Header.h";
				SWIFT_VERSION = 4.0;
				TARGETED_DEVICE_FAMILY = "1,2";
			};
			name = Release;
		};
/* End XCBuildConfiguration section */

/* Begin XCConfigurationList section */
		3F5BF0981F8A67C40094CCAD /* Build configuration list for PBXProject "Ch4-SideBar" */ = {
			isa = XCConfigurationList;
			buildConfigurations = (
				3F5BF0AD1F8A67C40094CCAD /* Debug */,
				3F5BF0AE1F8A67C40094CCAD /* Release */,
			);
			defaultConfigurationIsVisible = 0;
			defaultConfigurationName = Release;
		};
		3F5BF0AF1F8A67C40094CCAD /* Build configuration list for PBXNativeTarget "Ch4-SideBar" */ = {
			isa = XCConfigurationList;
			buildConfigurations = (
				3F5BF0B01F8A67C40094CCAD /* Debug */,
				3F5BF0B11F8A67C40094CCAD /* Release */,
			);
			defaultConfigurationIsVisible = 0;
			defaultConfigurationName = Release;
		};
/* End XCConfigurationList section */
	};
	rootObject = 3F5BF0951F8A67C40094CCAD /* Project object */;
}
