// !$*UTF8*$!
{
	archiveVersion = 1;
	classes = {
	};
	objectVersion = 48;
	objects = {

/* Begin PBXBuildFile section */
		A486CDFB1F8A1414006F873E /* AppDelegate.swift in Sources */ = {isa = PBXBuildFile; fileRef = A486CDFA1F8A1414006F873E /* AppDelegate.swift */; };
		A486CDFD1F8A1414006F873E /* ViewController.swift in Sources */ = {isa = PBXBuildFile; fileRef = A486CDFC1F8A1414006F873E /* ViewController.swift */; };
		A486CE001F8A1414006F873E /* Main.storyboard in Resources */ = {isa = PBXBuildFile; fileRef = A486CDFE1F8A1414006F873E /* Main.storyboard */; };
		A486CE021F8A1414006F873E /* Assets.xcassets in Resources */ = {isa = PBXBuildFile; fileRef = A486CE011F8A1414006F873E /* Assets.xcassets */; };
		A486CE051F8A1414006F873E /* LaunchScreen.storyboard in Resources */ = {isa = PBXBuildFile; fileRef = A486CE031F8A1414006F873E /* LaunchScreen.storyboard */; };
		A486CE0D1F8A1503006F873E /* CSTabBarViewController.swift in Sources */ = {isa = PBXBuildFile; fileRef = A486CE0C1F8A1503006F873E /* CSTabBarViewController.swift */; };
/* End PBXBuildFile section */

/* Begin PBXFileReference section */
		A486CDF71F8A1414006F873E /* Ch3-CustomTabBar.app */ = {isa = PBXFileReference; explicitFileType = wrapper.application; includeInIndex = 0; path = "Ch3-CustomTabBar.app"; sourceTree = BUILT_PRODUCTS_DIR; };
		A486CDFA1F8A1414006F873E /* AppDelegate.swift */ = {isa = PBXFileReference; lastKnownFileType = sourcecode.swift; path = AppDelegate.swift; sourceTree = "<group>"; };
		A486CDFC1F8A1414006F873E /* ViewController.swift */ = {isa = PBXFileReference; lastKnownFileType = sourcecode.swift; path = ViewController.swift; sourceTree = "<group>"; };
		A486CDFF1F8A1414006F873E /* Base */ = {isa = PBXFileReference; lastKnownFileType = file.storyboard; name = Base; path = Base.lproj/Main.storyboard; sourceTree = "<group>"; };
		A486CE011F8A1414006F873E /* Assets.xcassets */ = {isa = PBXFileReference; lastKnownFileType = folder.assetcatalog; path = Assets.xcassets; sourceTree = "<group>"; };
		A486CE041F8A1414006F873E /* Base */ = {isa = PBXFileReference; lastKnownFileType = file.storyboard; name = Base; path = Base.lproj/LaunchScreen.storyboard; sourceTree = "<group>"; };
		A486CE061F8A1414006F873E /* Info.plist */ = {isa = PBXFileReference; lastKnownFileType = text.plist.xml; path = Info.plist; sourceTree = "<group>"; };
		A486CE0C1F8A1503006F873E /* CSTabBarViewController.swift */ = {isa = PBXFileReference; lastKnownFileType = sourcecode.swift; path = CSTabBarViewController.swift; sourceTree = "<group>"; };
/* End PBXFileReference section */

/* Begin PBXFrameworksBuildPhase section */
		A486CDF41F8A1414006F873E /* Frameworks */ = {
			isa = PBXFrameworksBuildPhase;
			buildActionMask = 2147483647;
			files = (
			);
			runOnlyForDeploymentPostprocessing = 0;
		};
/* End PBXFrameworksBuildPhase section */

/* Begin PBXGroup section */
		A486CDEE1F8A1414006F873E = {
			isa = PBXGroup;
			children = (
				A486CDF91F8A1414006F873E /* Ch3-CustomTabBar */,
				A486CDF81F8A1414006F873E /* Products */,
			);
			sourceTree = "<group>";
		};
		A486CDF81F8A1414006F873E /* Products */ = {
			isa = PBXGroup;
			children = (
				A486CDF71F8A1414006F873E /* Ch3-CustomTabBar.app */,
			);
			name = Products;
			sourceTree = "<group>";
		};
		A486CDF91F8A1414006F873E /* Ch3-CustomTabBar */ = {
			isa = PBXGroup;
			children = (
				A486CDFA1F8A1414006F873E /* AppDelegate.swift */,
				A486CDFC1F8A1414006F873E /* ViewController.swift */,
				A486CDFE1F8A1414006F873E /* Main.storyboard */,
				A486CE0C1F8A1503006F873E /* CSTabBarViewController.swift */,
				A486CE011F8A1414006F873E /* Assets.xcassets */,
				A486CE031F8A1414006F873E /* LaunchScreen.storyboard */,
				A486CE061F8A1414006F873E /* Info.plist */,
			);
			path = "Ch3-CustomTabBar";
			sourceTree = "<group>";
		};
/* End PBXGroup section */

/* Begin PBXNativeTarget section */
		A486CDF61F8A1414006F873E /* Ch3-CustomTabBar */ = {
			isa = PBXNativeTarget;
			buildConfigurationList = A486CE091F8A1414006F873E /* Build configuration list for PBXNativeTarget "Ch3-CustomTabBar" */;
			buildPhases = (
				A486CDF31F8A1414006F873E /* Sources */,
				A486CDF41F8A1414006F873E /* Frameworks */,
				A486CDF51F8A1414006F873E /* Resources */,
			);
			buildRules = (
			);
			dependencies = (
			);
			name = "Ch3-CustomTabBar";
			productName = "Ch3-CustomTabBar";
			productReference = A486CDF71F8A1414006F873E /* Ch3-CustomTabBar.app */;
			productType = "com.apple.product-type.application";
		};
/* End PBXNativeTarget section */

/* Begin PBXProject section */
		A486CDEF1F8A1414006F873E /* Project object */ = {
			isa = PBXProject;
			attributes = {
				LastSwiftUpdateCheck = 0900;
				LastUpgradeCheck = 0900;
				ORGANIZATIONNAME = "Jaeseong Lee";
				TargetAttributes = {
					A486CDF61F8A1414006F873E = {
						CreatedOnToolsVersion = 9.0;
						ProvisioningStyle = Automatic;
					};
				};
			};
			buildConfigurationList = A486CDF21F8A1414006F873E /* Build configuration list for PBXProject "Ch3-CustomTabBar" */;
			compatibilityVersion = "Xcode 8.0";
			developmentRegion = en;
			hasScannedForEncodings = 0;
			knownRegions = (
				en,
				Base,
			);
			mainGroup = A486CDEE1F8A1414006F873E;
			productRefGroup = A486CDF81F8A1414006F873E /* Products */;
			projectDirPath = "";
			projectRoot = "";
			targets = (
				A486CDF61F8A1414006F873E /* Ch3-CustomTabBar */,
			);
		};
/* End PBXProject section */

/* Begin PBXResourcesBuildPhase section */
		A486CDF51F8A1414006F873E /* Resources */ = {
			isa = PBXResourcesBuildPhase;
			buildActionMask = 2147483647;
			files = (
				A486CE051F8A1414006F873E /* LaunchScreen.storyboard in Resources */,
				A486CE021F8A1414006F873E /* Assets.xcassets in Resources */,
				A486CE001F8A1414006F873E /* Main.storyboard in Resources */,
			);
			runOnlyForDeploymentPostprocessing = 0;
		};
/* End PBXResourcesBuildPhase section */

/* Begin PBXSourcesBuildPhase section */
		A486CDF31F8A1414006F873E /* Sources */ = {
			isa = PBXSourcesBuildPhase;
			buildActionMask = 2147483647;
			files = (
				A486CE0D1F8A1503006F873E /* CSTabBarViewController.swift in Sources */,
				A486CDFD1F8A1414006F873E /* ViewController.swift in Sources */,
				A486CDFB1F8A1414006F873E /* AppDelegate.swift in Sources */,
			);
			runOnlyForDeploymentPostprocessing = 0;
		};
/* End PBXSourcesBuildPhase section */

/* Begin PBXVariantGroup section */
		A486CDFE1F8A1414006F873E /* Main.storyboard */ = {
			isa = PBXVariantGroup;
			children = (
				A486CDFF1F8A1414006F873E /* Base */,
			);
			name = Main.storyboard;
			sourceTree = "<group>";
		};
		A486CE031F8A1414006F873E /* LaunchScreen.storyboard */ = {
			isa = PBXVariantGroup;
			children = (
				A486CE041F8A1414006F873E /* Base */,
			);
			name = LaunchScreen.storyboard;
			sourceTree = "<group>";
		};
/* End PBXVariantGroup section */

/* Begin XCBuildConfiguration section */
		A486CE071F8A1414006F873E /* Debug */ = {
			isa = XCBuildConfiguration;
			buildSettings = {
				ALWAYS_SEARCH_USER_PATHS = NO;
				CLANG_ANALYZER_NONNULL = YES;
				CLANG_ANALYZER_NUMBER_OBJECT_CONVERSION = YES_AGGRESSIVE;
				CLANG_CXX_LANGUAGE_STANDARD = "gnu++14";
				CLANG_CXX_LIBRARY = "libc++";
				CLANG_ENABLE_MODULES = YES;
				CLANG_ENABLE_OBJC_ARC = YES;
				CLANG_WARN_BLOCK_CAPTURE_AUTORELEASING = YES;
				CLANG_WARN_BOOL_CONVERSION = YES;
				CLANG_WARN_COMMA = YES;
				CLANG_WARN_CONSTANT_CONVERSION = YES;
				CLANG_WARN_DIRECT_OBJC_ISA_USAGE = YES_ERROR;
				CLANG_WARN_DOCUMENTATION_COMMENTS = YES;
				CLANG_WARN_EMPTY_BODY = YES;
				CLANG_WARN_ENUM_CONVERSION = YES;
				CLANG_WARN_INFINITE_RECURSION = YES;
				CLANG_WARN_INT_CONVERSION = YES;
				CLANG_WARN_NON_LITERAL_NULL_CONVERSION = YES;
				CLANG_WARN_OBJC_LITERAL_CONVERSION = YES;
				CLANG_WARN_OBJC_ROOT_CLASS = YES_ERROR;
				CLANG_WARN_RANGE_LOOP_ANALYSIS = YES;
				CLANG_WARN_STRICT_PROTOTYPES = YES;
				CLANG_WARN_SUSPICIOUS_MOVE = YES;
				CLANG_WARN_UNGUARDED_AVAILABILITY = YES_AGGRESSIVE;
				CLANG_WARN_UNREACHABLE_CODE = YES;
				CLANG_WARN__DUPLICATE_METHOD_MATCH = YES;
				CODE_SIGN_IDENTITY = "iPhone Developer";
				COPY_PHASE_STRIP = NO;
				DEBUG_INFORMATION_FORMAT = dwarf;
				ENABLE_STRICT_OBJC_MSGSEND = YES;
				ENABLE_TESTABILITY = YES;
				GCC_C_LANGUAGE_STANDARD = gnu11;
				GCC_DYNAMIC_NO_PIC = NO;
				GCC_NO_COMMON_BLOCKS = YES;
				GCC_OPTIMIZATION_LEVEL = 0;
				GCC_PREPROCESSOR_DEFINITIONS = (
					"DEBUG=1",
					"$(inherited)",
				);
				GCC_WARN_64_TO_32_BIT_CONVERSION = YES;
				GCC_WARN_ABOUT_RETURN_TYPE = YES_ERROR;
				GCC_WARN_UNDECLARED_SELECTOR = YES;
				GCC_WARN_UNINITIALIZED_AUTOS = YES_AGGRESSIVE;
				GCC_WARN_UNUSED_FUNCTION = YES;
				GCC_WARN_UNUSED_VARIABLE = YES;
				IPHONEOS_DEPLOYMENT_TARGET = 11.0;
				MTL_ENABLE_DEBUG_INFO = YES;
				ONLY_ACTIVE_ARCH = YES;
				SDKROOT = iphoneos;
				SWIFT_ACTIVE_COMPILATION_CONDITIONS = DEBUG;
				SWIFT_OPTIMIZATION_LEVEL = "-Onone";
			};
			name = Debug;
		};
		A486CE081F8A1414006F873E /* Release */ = {
			isa = XCBuildConfiguration;
			buildSettings = {
				ALWAYS_SEARCH_USER_PATHS = NO;
				CLANG_ANALYZER_NONNULL = YES;
				CLANG_ANALYZER_NUMBER_OBJECT_CONVERSION = YES_AGGRESSIVE;
				CLANG_CXX_LANGUAGE_STANDARD = "gnu++14";
				CLANG_CXX_LIBRARY = "libc++";
				CLANG_ENABLE_MODULES = YES;
				CLANG_ENABLE_OBJC_ARC = YES;
				CLANG_WARN_BLOCK_CAPTURE_AUTORELEASING = YES;
				CLANG_WARN_BOOL_CONVERSION = YES;
				CLANG_WARN_COMMA = YES;
				CLANG_WARN_CONSTANT_CONVERSION = YES;
				CLANG_WARN_DIRECT_OBJC_ISA_USAGE = YES_ERROR;
				CLANG_WARN_DOCUMENTATION_COMMENTS = YES;
				CLANG_WARN_EMPTY_BODY = YES;
				CLANG_WARN_ENUM_CONVERSION = YES;
				CLANG_WARN_INFINITE_RECURSION = YES;
				CLANG_WARN_INT_CONVERSION = YES;
				CLANG_WARN_NON_LITERAL_NULL_CONVERSION = YES;
				CLANG_WARN_OBJC_LITERAL_CONVERSION = YES;
				CLANG_WARN_OBJC_ROOT_CLASS = YES_ERROR;
				CLANG_WARN_RANGE_LOOP_ANALYSIS = YES;
				CLANG_WARN_STRICT_PROTOTYPES = YES;
				CLANG_WARN_SUSPICIOUS_MOVE = YES;
				CLANG_WARN_UNGUARDED_AVAILABILITY = YES_AGGRESSIVE;
				CLANG_WARN_UNREACHABLE_CODE = YES;
				CLANG_WARN__DUPLICATE_METHOD_MATCH = YES;
				CODE_SIGN_IDENTITY = "iPhone Developer";
				COPY_PHASE_STRIP = NO;
				DEBUG_INFORMATION_FORMAT = "dwarf-with-dsym";
				ENABLE_NS_ASSERTIONS = NO;
				ENABLE_STRICT_OBJC_MSGSEND = YES;
				GCC_C_LANGUAGE_STANDARD = gnu11;
				GCC_NO_COMMON_BLOCKS = YES;
				GCC_WARN_64_TO_32_BIT_CONVERSION = YES;
				GCC_WARN_ABOUT_RETURN_TYPE = YES_ERROR;
				GCC_WARN_UNDECLARED_SELECTOR = YES;
				GCC_WARN_UNINITIALIZED_AUTOS = YES_AGGRESSIVE;
				GCC_WARN_UNUSED_FUNCTION = YES;
				GCC_WARN_UNUSED_VARIABLE = YES;
				IPHONEOS_DEPLOYMENT_TARGET = 11.0;
				MTL_ENABLE_DEBUG_INFO = NO;
				SDKROOT = iphoneos;
				SWIFT_OPTIMIZATION_LEVEL = "-Owholemodule";
				VALIDATE_PRODUCT = YES;
			};
			name = Release;
		};
		A486CE0A1F8A1414006F873E /* Debug */ = {
			isa = XCBuildConfiguration;
			buildSettings = {
				ASSETCATALOG_COMPILER_APPICON_NAME = AppIcon;
				CODE_SIGN_STYLE = Automatic;
				DEVELOPMENT_TEAM = FNEH2787UY;
				INFOPLIST_FILE = "Ch3-CustomTabBar/Info.plist";
				LD_RUNPATH_SEARCH_PATHS = "$(inherited) @executable_path/Frameworks";
				PRODUCT_BUNDLE_IDENTIFIER = "com.toygift.Ch3-CustomTabBar";
				PRODUCT_NAME = "$(TARGET_NAME)";
				SWIFT_VERSION = 4.0;
				TARGETED_DEVICE_FAMILY = "1,2";
			};
			name = Debug;
		};
		A486CE0B1F8A1414006F873E /* Release */ = {
			isa = XCBuildConfiguration;
			buildSettings = {
				ASSETCATALOG_COMPILER_APPICON_NAME = AppIcon;
				CODE_SIGN_STYLE = Automatic;
				DEVELOPMENT_TEAM = FNEH2787UY;
				INFOPLIST_FILE = "Ch3-CustomTabBar/Info.plist";
				LD_RUNPATH_SEARCH_PATHS = "$(inherited) @executable_path/Frameworks";
				PRODUCT_BUNDLE_IDENTIFIER = "com.toygift.Ch3-CustomTabBar";
				PRODUCT_NAME = "$(TARGET_NAME)";
				SWIFT_VERSION = 4.0;
				TARGETED_DEVICE_FAMILY = "1,2";
			};
			name = Release;
		};
/* End XCBuildConfiguration section */

/* Begin XCConfigurationList section */
		A486CDF21F8A1414006F873E /* Build configuration list for PBXProject "Ch3-CustomTabBar" */ = {
			isa = XCConfigurationList;
			buildConfigurations = (
				A486CE071F8A1414006F873E /* Debug */,
				A486CE081F8A1414006F873E /* Release */,
			);
			defaultConfigurationIsVisible = 0;
			defaultConfigurationName = Release;
		};
		A486CE091F8A1414006F873E /* Build configuration list for PBXNativeTarget "Ch3-CustomTabBar" */ = {
			isa = XCConfigurationList;
			buildConfigurations = (
				A486CE0A1F8A1414006F873E /* Debug */,
				A486CE0B1F8A1414006F873E /* Release */,
			);
			defaultConfigurationIsVisible = 0;
			defaultConfigurationName = Release;
		};
/* End XCConfigurationList section */
	};
	rootObject = A486CDEF1F8A1414006F873E /* Project object */;
}
